
Microsoft Visual Studio Solution File, Format Version 12.00
# Visual Studio Version 17
VisualStudioVersion = 17.8.34408.163
MinimumVisualStudioVersion = 10.0.40219.1
Project("{FAE04EC0-301F-11D3-BF4B-00C04F79EFBC}") = "AutoClicker_WPF", "AutoClicker_WPF\AutoClicker_WPF.csproj", "{4193A7AB-0ABB-4E49-A814-B5D02ECB0AA9}"
EndProject
Global
	GlobalSection(SolutionConfigurationPlatforms) = preSolution
		Debug|Any CPU = Debug|Any CPU
		Release|Any CPU = Release|Any CPU
	EndGlobalSection
	GlobalSection(ProjectConfigurationPlatforms) = postSolution
		{4193A7AB-0ABB-4E49-A814-B5D02ECB0AA9}.Debug|Any CPU.ActiveCfg = Debug|Any CPU
		{4193A7AB-0ABB-4E49-A814-B5D02ECB0AA9}.Debug|Any CPU.Build.0 = Debug|Any CPU
		{4193A7AB-0ABB-4E49-A814-B5D02ECB0AA9}.Release|Any CPU.ActiveCfg = Release|Any CPU
		{4193A7AB-0ABB-4E49-A814-B5D02ECB0AA9}.Release|Any CPU.Build.0 = Release|Any CPU
	EndGlobalSection
	GlobalSection(SolutionProperties) = preSolution
		HideSolutionNode = FALSE
	EndGlobalSection
	GlobalSection(ExtensibilityGlobals) = postSolution
		SolutionGuid = {0DB93EC7-C89D-409E-84F6-6B5FCCA8AD73}
	EndGlobalSection
EndGlobal
